{
    "_readme": [
        "This file locks the dependencies of your project to a known state",
        "Read more about it at https://getcomposer.org/doc/01-basic-usage.md#installing-dependencies",
        "This file is @generated automatically"
    ],
    "content-hash": "6525031afaca1424303a82273f2a83c0",
    "packages": [
        {
            "name": "ircmaxell/php-c-parser",
            "version": "dev-master",
            "source": {
                "type": "git",
                "url": "https://github.com/ircmaxell/php-c-parser.git",
                "reference": "fd8f5efefd0fcc6c5119d945694acaa3a6790ada"
            },
            "dist": {
                "type": "zip",
                "url": "https://api.github.com/repos/ircmaxell/php-c-parser/zipball/fd8f5efefd0fcc6c5119d945694acaa3a6790ada",
                "reference": "fd8f5efefd0fcc6c5119d945694acaa3a6790ada",
                "shasum": ""
            },
            "require": {
                "php": ">=7.4"
            },
            "require-dev": {
                "ircmaxell/php-yacc": "dev-master",
                "phpunit/phpunit": "^8.0"
            },
            "default-branch": true,
            "type": "library",
            "autoload": {
                "psr-4": {
                    "PHPCParser\\": "lib/"
                }
            },
            "notification-url": "https://packagist.org/downloads/",
            "license": [
                "MIT"
            ],
            "authors": [
                {
                    "name": "Anthony Ferrara",
                    "email": "ircmaxell@gmail.com"
                },
                {
                    "name": "Bob Weinand",
                    "email": "bobwei9@hotmail.com"
                }
            ],
            "description": "Parse C when using PHP",
            "support": {
                "issues": "https://github.com/ircmaxell/php-c-parser/issues",
                "source": "https://github.com/ircmaxell/php-c-parser/tree/master"
            },
            "time": "2022-09-23T19:39:35+00:00"
        }
    ],
    "packages-dev": [],
    "aliases": [],
    "minimum-stability": "stable",
    "stability-flags": {
        "ircmaxell/php-c-parser": 20
    },
    "prefer-stable": false,
    "prefer-lowest": false,
    "platform": [],
    "platform-dev": [],
    "plugin-api-version": "2.3.0"
}
